
Microsoft Visual Studio Solution File, Format Version 12.00
# Visual Studio Version 17
VisualStudioVersion = 17.0.31903.59
MinimumVisualStudioVersion = 10.0.40219.1
Project("{2150E333-8FDC-42A3-9474-1A3956D46DE8}") = "VeilingPlatform", "VeilingPlatform", "{32F3142E-F9C5-4582-8D0B-867BCC2EB0A1}"
EndProject
Project("{FAE04EC0-301F-11D3-BF4B-00C04F79EFBC}") = "VeilingPlatform.Tests", "VeilingPlatform\VeilingPlatform.Tests\VeilingPlatform.Tests.csproj", "{AD9FAE30-B4CF-4110-A7B8-184060B5B570}"
EndProject
Global
	GlobalSection(SolutionConfigurationPlatforms) = preSolution
		Debug|Any CPU = Debug|Any CPU
		Release|Any CPU = Release|Any CPU
	EndGlobalSection
	GlobalSection(SolutionProperties) = preSolution
		HideSolutionNode = FALSE
	EndGlobalSection
	GlobalSection(ProjectConfigurationPlatforms) = postSolution
		{AD9FAE30-B4CF-4110-A7B8-184060B5B570}.Debug|Any CPU.ActiveCfg = Debug|Any CPU
		{AD9FAE30-B4CF-4110-A7B8-184060B5B570}.Debug|Any CPU.Build.0 = Debug|Any CPU
		{AD9FAE30-B4CF-4110-A7B8-184060B5B570}.Release|Any CPU.ActiveCfg = Release|Any CPU
		{AD9FAE30-B4CF-4110-A7B8-184060B5B570}.Release|Any CPU.Build.0 = Release|Any CPU
	EndGlobalSection
	GlobalSection(NestedProjects) = preSolution
		{AD9FAE30-B4CF-4110-A7B8-184060B5B570} = {32F3142E-F9C5-4582-8D0B-867BCC2EB0A1}
	EndGlobalSection
EndGlobal
